
Microsoft Visual Studio Solution File, Format Version 12.00
# Visual Studio Version 17
VisualStudioVersion = 17.13.35806.99 d17.13
MinimumVisualStudioVersion = 10.0.40219.1
Project("{FAE04EC0-301F-11D3-BF4B-00C04F79EFBC}") = "Prak4_RNO", "Prak4_RNO\Prak4_RNO.csproj", "{48C31F5B-27A8-4A00-88DF-6D69B34EFDC4}"
EndProject
Global
	GlobalSection(SolutionConfigurationPlatforms) = preSolution
		Debug|Any CPU = Debug|Any CPU
		Release|Any CPU = Release|Any CPU
	EndGlobalSection
	GlobalSection(ProjectConfigurationPlatforms) = postSolution
		{48C31F5B-27A8-4A00-88DF-6D69B34EFDC4}.Debug|Any CPU.ActiveCfg = Debug|Any CPU
		{48C31F5B-27A8-4A00-88DF-6D69B34EFDC4}.Debug|Any CPU.Build.0 = Debug|Any CPU
		{48C31F5B-27A8-4A00-88DF-6D69B34EFDC4}.Release|Any CPU.ActiveCfg = Release|Any CPU
		{48C31F5B-27A8-4A00-88DF-6D69B34EFDC4}.Release|Any CPU.Build.0 = Release|Any CPU
	EndGlobalSection
	GlobalSection(SolutionProperties) = preSolution
		HideSolutionNode = FALSE
	EndGlobalSection
	GlobalSection(ExtensibilityGlobals) = postSolution
		SolutionGuid = {B6BD14E9-C8A2-4964-A4F6-1151378C065E}
	EndGlobalSection
EndGlobal
